// !$*UTF8*$!
{
	archiveVersion = 1;
	classes = {
	};
	objectVersion = 77;
	objects = {

/* Begin PBXBuildFile section */
		A10000000000000000000001 /* main.swift in Sources */ = {isa = PBXBuildFile; fileRef = A10000000000000000000011 /* main.swift */; };
		A10000000000000000000002 /* FilterDataProvider.swift in Sources */ = {isa = PBXBuildFile; fileRef = A10000000000000000000012 /* FilterDataProvider.swift */; };
		A10000000000000000000005 /* Blocklist.swift in Sources */ = {isa = PBXBuildFile; fileRef = A10000000000000000000018 /* Blocklist.swift */; };
		A10000000000000000000003 /* category-porn.list in Resources */ = {isa = PBXBuildFile; fileRef = A10000000000000000000013 /* category-porn.list */; };
		A10000000000000000000004 /* com.xx.midog.filter.systemextension in SystemExtensions */ = {isa = PBXBuildFile; fileRef = A10000000000000000000014 /* com.xx.midog.filter.systemextension */; settings = {ATTRIBUTES = (CodeSignOnCopy, ); }; };
/* End PBXBuildFile section */

/* Begin PBXCopyFilesBuildPhase section */
		A10000000000000000000021 /* SystemExtensions */ = {
			isa = PBXCopyFilesBuildPhase;
			buildActionMask = 2147483647;
			dstPath = "$(SYSTEM_EXTENSIONS_FOLDER_PATH)";
			dstSubfolderSpec = 16;
			files = (A10000000000000000000004 /* com.xx.midog.filter.systemextension in SystemExtensions */, );
			runOnlyForDeploymentPostprocessing = 0;
		};
/* End PBXCopyFilesBuildPhase section */

/* Begin PBXFileReference section */
		F57EF6D83008AFFF00113AE8 /* midog.app */ = {isa = PBXFileReference; explicitFileType = wrapper.application; includeInIndex = 0; path = midog.app; sourceTree = BUILT_PRODUCTS_DIR; };
		A10000000000000000000011 /* main.swift */ = {isa = PBXFileReference; lastKnownFileType = sourcecode.swift; path = main.swift; sourceTree = "<group>"; };
		A10000000000000000000012 /* FilterDataProvider.swift */ = {isa = PBXFileReference; lastKnownFileType = sourcecode.swift; path = FilterDataProvider.swift; sourceTree = "<group>"; };
		A10000000000000000000013 /* category-porn.list */ = {isa = PBXFileReference; lastKnownFileType = text; path = "midog/Resources/category-porn.list"; sourceTree = SOURCE_ROOT; };
		A10000000000000000000014 /* com.xx.midog.filter.systemextension */ = {isa = PBXFileReference; explicitFileType = "wrapper.system-extension"; includeInIndex = 0; path = com.xx.midog.filter.systemextension; sourceTree = BUILT_PRODUCTS_DIR; };
		A10000000000000000000015 /* Info.plist */ = {isa = PBXFileReference; lastKnownFileType = text.plist.xml; path = Info.plist; sourceTree = "<group>"; };
		A10000000000000000000016 /* midogFilter.entitlements */ = {isa = PBXFileReference; lastKnownFileType = text.plist.entitlements; path = midogFilter.entitlements; sourceTree = "<group>"; };
		A10000000000000000000018 /* Blocklist.swift */ = {isa = PBXFileReference; lastKnownFileType = sourcecode.swift; path = Blocklist.swift; sourceTree = "<group>"; };
/* End PBXFileReference section */

/* Begin PBXFileSystemSynchronizedRootGroup section */
		F57EF6DA3008AFFF00113AE8 /* midog */ = {
			isa = PBXFileSystemSynchronizedRootGroup;
			path = midog;
			sourceTree = "<group>";
		};
/* End PBXFileSystemSynchronizedRootGroup section */

/* Begin PBXFrameworksBuildPhase section */
		A10000000000000000000022 /* Frameworks */ = {isa = PBXFrameworksBuildPhase; buildActionMask = 2147483647; files = ( ); runOnlyForDeploymentPostprocessing = 0; };
		F57EF6D53008AFFF00113AE8 /* Frameworks */ = {
			isa = PBXFrameworksBuildPhase;
			buildActionMask = 2147483647;
			files = (
			);
			runOnlyForDeploymentPostprocessing = 0;
		};
/* End PBXFrameworksBuildPhase section */

/* Begin PBXGroup section */
		F57EF6CF3008AFFF00113AE8 = {
			isa = PBXGroup;
			children = (
				F57EF6DA3008AFFF00113AE8 /* midog */,
				A10000000000000000000017 /* midogFilter */,
				F57EF6D93008AFFF00113AE8 /* Products */,
			);
			sourceTree = "<group>";
		};
		F57EF6D93008AFFF00113AE8 /* Products */ = {
			isa = PBXGroup;
			children = (
				F57EF6D83008AFFF00113AE8 /* midog.app */,
				A10000000000000000000014 /* com.xx.midog.filter.systemextension */,
			);
			name = Products;
			sourceTree = "<group>";
		};
		A10000000000000000000017 /* midogFilter */ = {
			isa = PBXGroup;
			children = (A10000000000000000000011 /* main.swift */, A10000000000000000000012 /* FilterDataProvider.swift */, A10000000000000000000018 /* Blocklist.swift */, A10000000000000000000015 /* Info.plist */, A10000000000000000000016 /* midogFilter.entitlements */, );
			path = midogFilter;
			sourceTree = "<group>";
		};
/* End PBXGroup section */

/* Begin PBXNativeTarget section */
		F57EF6D73008AFFF00113AE8 /* midog */ = {
			isa = PBXNativeTarget;
			buildConfigurationList = F57EF6E33008B00200113AE8 /* Build configuration list for PBXNativeTarget "midog" */;
			buildPhases = (
				F57EF6D43008AFFF00113AE8 /* Sources */,
				F57EF6D53008AFFF00113AE8 /* Frameworks */,
				F57EF6D63008AFFF00113AE8 /* Resources */,
				A10000000000000000000021 /* SystemExtensions */,
			);
			buildRules = (
			);
			dependencies = (A10000000000000000000026 /* PBXTargetDependency */, );
			fileSystemSynchronizedGroups = (
				F57EF6DA3008AFFF00113AE8 /* midog */,
			);
			name = midog;
			packageProductDependencies = (
			);
			productName = midog;
			productReference = F57EF6D83008AFFF00113AE8 /* midog.app */;
			productType = "com.apple.product-type.application";
		};
		A10000000000000000000025 /* midogFilter */ = {
			isa = PBXNativeTarget;
			buildConfigurationList = A10000000000000000000029 /* Build configuration list for PBXNativeTarget "midogFilter" */;
			buildPhases = (A10000000000000000000023 /* Sources */, A10000000000000000000022 /* Frameworks */, A10000000000000000000024 /* Resources */, );
			buildRules = ( );
			dependencies = ( );
			name = midogFilter;
			productName = midogFilter;
			productReference = A10000000000000000000014 /* com.xx.midog.filter.systemextension */;
			productType = "com.apple.product-type.system-extension";
		};
/* End PBXNativeTarget section */

/* Begin PBXContainerItemProxy section */
		A10000000000000000000027 /* PBXContainerItemProxy */ = {isa = PBXContainerItemProxy; containerPortal = F57EF6D03008AFFF00113AE8 /* Project object */; proxyType = 1; remoteGlobalIDString = A10000000000000000000025; remoteInfo = midogFilter; };
/* End PBXContainerItemProxy section */

/* Begin PBXTargetDependency section */
		A10000000000000000000026 /* PBXTargetDependency */ = {isa = PBXTargetDependency; target = A10000000000000000000025 /* midogFilter */; targetProxy = A10000000000000000000027 /* PBXContainerItemProxy */; };
/* End PBXTargetDependency section */

/* Begin PBXProject section */
		F57EF6D03008AFFF00113AE8 /* Project object */ = {
			isa = PBXProject;
			attributes = {
				BuildIndependentTargetsInParallel = 1;
				LastSwiftUpdateCheck = 2630;
				LastUpgradeCheck = 2630;
				TargetAttributes = {
					F57EF6D73008AFFF00113AE8 = {
						CreatedOnToolsVersion = 26.3;
					};
					A10000000000000000000025 = {CreatedOnToolsVersion = 26.3; };
				};
			};
			buildConfigurationList = F57EF6D33008AFFF00113AE8 /* Build configuration list for PBXProject "midog" */;
			developmentRegion = en;
			hasScannedForEncodings = 0;
			knownRegions = (
				en,
				Base,
			);
			mainGroup = F57EF6CF3008AFFF00113AE8;
			minimizedProjectReferenceProxies = 1;
			preferredProjectObjectVersion = 77;
			productRefGroup = F57EF6D93008AFFF00113AE8 /* Products */;
			projectDirPath = "";
			projectRoot = "";
			targets = (
				F57EF6D73008AFFF00113AE8 /* midog */,
				A10000000000000000000025 /* midogFilter */,
			);
		};
/* End PBXProject section */

/* Begin PBXResourcesBuildPhase section */
		A10000000000000000000024 /* Resources */ = {isa = PBXResourcesBuildPhase; buildActionMask = 2147483647; files = (A10000000000000000000003 /* category-porn.list in Resources */, ); runOnlyForDeploymentPostprocessing = 0; };
		F57EF6D63008AFFF00113AE8 /* Resources */ = {
			isa = PBXResourcesBuildPhase;
			buildActionMask = 2147483647;
			files = (
			);
			runOnlyForDeploymentPostprocessing = 0;
		};
/* End PBXResourcesBuildPhase section */

/* Begin PBXSourcesBuildPhase section */
		A10000000000000000000023 /* Sources */ = {isa = PBXSourcesBuildPhase; buildActionMask = 2147483647; files = (A10000000000000000000001 /* main.swift in Sources */, A10000000000000000000002 /* FilterDataProvider.swift in Sources */, A10000000000000000000005 /* Blocklist.swift in Sources */, ); runOnlyForDeploymentPostprocessing = 0; };
		F57EF6D43008AFFF00113AE8 /* Sources */ = {
			isa = PBXSourcesBuildPhase;
			buildActionMask = 2147483647;
			files = (
			);
			runOnlyForDeploymentPostprocessing = 0;
		};
/* End PBXSourcesBuildPhase section */

/* Begin XCBuildConfiguration section */
		F57EF6E13008B00200113AE8 /* Debug */ = {
			isa = XCBuildConfiguration;
			buildSettings = {
				ALWAYS_SEARCH_USER_PATHS = NO;
				ASSETCATALOG_COMPILER_GENERATE_SWIFT_ASSET_SYMBOL_EXTENSIONS = YES;
				CLANG_ANALYZER_NONNULL = YES;
				CLANG_ANALYZER_NUMBER_OBJECT_CONVERSION = YES_AGGRESSIVE;
				CLANG_CXX_LANGUAGE_STANDARD = "gnu++20";
				CLANG_ENABLE_MODULES = YES;
				CLANG_ENABLE_OBJC_ARC = YES;
				CLANG_ENABLE_OBJC_WEAK = YES;
				CLANG_WARN_BLOCK_CAPTURE_AUTORELEASING = YES;
				CLANG_WARN_BOOL_CONVERSION = YES;
				CLANG_WARN_COMMA = YES;
				CLANG_WARN_CONSTANT_CONVERSION = YES;
				CLANG_WARN_DEPRECATED_OBJC_IMPLEMENTATIONS = YES;
				CLANG_WARN_DIRECT_OBJC_ISA_USAGE = YES_ERROR;
				CLANG_WARN_DOCUMENTATION_COMMENTS = YES;
				CLANG_WARN_EMPTY_BODY = YES;
				CLANG_WARN_ENUM_CONVERSION = YES;
				CLANG_WARN_INFINITE_RECURSION = YES;
				CLANG_WARN_INT_CONVERSION = YES;
				CLANG_WARN_NON_LITERAL_NULL_CONVERSION = YES;
				CLANG_WARN_OBJC_IMPLICIT_RETAIN_SELF = YES;
				CLANG_WARN_OBJC_LITERAL_CONVERSION = YES;
				CLANG_WARN_OBJC_ROOT_CLASS = YES_ERROR;
				CLANG_WARN_QUOTED_INCLUDE_IN_FRAMEWORK_HEADER = YES;
				CLANG_WARN_RANGE_LOOP_ANALYSIS = YES;
				CLANG_WARN_STRICT_PROTOTYPES = YES;
				CLANG_WARN_SUSPICIOUS_MOVE = YES;
				CLANG_WARN_UNGUARDED_AVAILABILITY = YES_AGGRESSIVE;
				CLANG_WARN_UNREACHABLE_CODE = YES;
				CLANG_WARN__DUPLICATE_METHOD_MATCH = YES;
				COPY_PHASE_STRIP = NO;
				DEBUG_INFORMATION_FORMAT = dwarf;
				ENABLE_STRICT_OBJC_MSGSEND = YES;
				ENABLE_TESTABILITY = YES;
				ENABLE_USER_SCRIPT_SANDBOXING = YES;
				GCC_C_LANGUAGE_STANDARD = gnu17;
				GCC_DYNAMIC_NO_PIC = NO;
				GCC_NO_COMMON_BLOCKS = YES;
				GCC_OPTIMIZATION_LEVEL = 0;
				GCC_PREPROCESSOR_DEFINITIONS = (
					"DEBUG=1",
					"$(inherited)",
				);
				GCC_WARN_64_TO_32_BIT_CONVERSION = YES;
				GCC_WARN_ABOUT_RETURN_TYPE = YES_ERROR;
				GCC_WARN_UNDECLARED_SELECTOR = YES;
				GCC_WARN_UNINITIALIZED_AUTOS = YES_AGGRESSIVE;
				GCC_WARN_UNUSED_FUNCTION = YES;
				GCC_WARN_UNUSED_VARIABLE = YES;
				LOCALIZATION_PREFERS_STRING_CATALOGS = YES;
				MACOSX_DEPLOYMENT_TARGET = 15.7;
				MTL_ENABLE_DEBUG_INFO = INCLUDE_SOURCE;
				MTL_FAST_MATH = YES;
				ONLY_ACTIVE_ARCH = YES;
				SDKROOT = macosx;
				SWIFT_ACTIVE_COMPILATION_CONDITIONS = "DEBUG $(inherited)";
				SWIFT_OPTIMIZATION_LEVEL = "-Onone";
			};
			name = Debug;
		};
		F57EF6E23008B00200113AE8 /* Release */ = {
			isa = XCBuildConfiguration;
			buildSettings = {
				ALWAYS_SEARCH_USER_PATHS = NO;
				ASSETCATALOG_COMPILER_GENERATE_SWIFT_ASSET_SYMBOL_EXTENSIONS = YES;
				CLANG_ANALYZER_NONNULL = YES;
				CLANG_ANALYZER_NUMBER_OBJECT_CONVERSION = YES_AGGRESSIVE;
				CLANG_CXX_LANGUAGE_STANDARD = "gnu++20";
				CLANG_ENABLE_MODULES = YES;
				CLANG_ENABLE_OBJC_ARC = YES;
				CLANG_ENABLE_OBJC_WEAK = YES;
				CLANG_WARN_BLOCK_CAPTURE_AUTORELEASING = YES;
				CLANG_WARN_BOOL_CONVERSION = YES;
				CLANG_WARN_COMMA = YES;
				CLANG_WARN_CONSTANT_CONVERSION = YES;
				CLANG_WARN_DEPRECATED_OBJC_IMPLEMENTATIONS = YES;
				CLANG_WARN_DIRECT_OBJC_ISA_USAGE = YES_ERROR;
				CLANG_WARN_DOCUMENTATION_COMMENTS = YES;
				CLANG_WARN_EMPTY_BODY = YES;
				CLANG_WARN_ENUM_CONVERSION = YES;
				CLANG_WARN_INFINITE_RECURSION = YES;
				CLANG_WARN_INT_CONVERSION = YES;
				CLANG_WARN_NON_LITERAL_NULL_CONVERSION = YES;
				CLANG_WARN_OBJC_IMPLICIT_RETAIN_SELF = YES;
				CLANG_WARN_OBJC_LITERAL_CONVERSION = YES;
				CLANG_WARN_OBJC_ROOT_CLASS = YES_ERROR;
				CLANG_WARN_QUOTED_INCLUDE_IN_FRAMEWORK_HEADER = YES;
				CLANG_WARN_RANGE_LOOP_ANALYSIS = YES;
				CLANG_WARN_STRICT_PROTOTYPES = YES;
				CLANG_WARN_SUSPICIOUS_MOVE = YES;
				CLANG_WARN_UNGUARDED_AVAILABILITY = YES_AGGRESSIVE;
				CLANG_WARN_UNREACHABLE_CODE = YES;
				CLANG_WARN__DUPLICATE_METHOD_MATCH = YES;
				COPY_PHASE_STRIP = NO;
				DEBUG_INFORMATION_FORMAT = "dwarf-with-dsym";
				ENABLE_NS_ASSERTIONS = NO;
				ENABLE_STRICT_OBJC_MSGSEND = YES;
				ENABLE_USER_SCRIPT_SANDBOXING = YES;
				GCC_C_LANGUAGE_STANDARD = gnu17;
				GCC_NO_COMMON_BLOCKS = YES;
				GCC_WARN_64_TO_32_BIT_CONVERSION = YES;
				GCC_WARN_ABOUT_RETURN_TYPE = YES_ERROR;
				GCC_WARN_UNDECLARED_SELECTOR = YES;
				GCC_WARN_UNINITIALIZED_AUTOS = YES_AGGRESSIVE;
				GCC_WARN_UNUSED_FUNCTION = YES;
				GCC_WARN_UNUSED_VARIABLE = YES;
				LOCALIZATION_PREFERS_STRING_CATALOGS = YES;
				MACOSX_DEPLOYMENT_TARGET = 15.7;
				MTL_ENABLE_DEBUG_INFO = NO;
				MTL_FAST_MATH = YES;
				SDKROOT = macosx;
				SWIFT_COMPILATION_MODE = wholemodule;
			};
			name = Release;
		};
		F57EF6E43008B00200113AE8 /* Debug */ = {
			isa = XCBuildConfiguration;
			buildSettings = {
				ASSETCATALOG_COMPILER_APPICON_NAME = AppIcon;
				CODE_SIGN_ENTITLEMENTS = midog/midog-debug.entitlements;
				ASSETCATALOG_COMPILER_GLOBAL_ACCENT_COLOR_NAME = AccentColor;
				CODE_SIGN_STYLE = Automatic;
				COMBINE_HIDPI_IMAGES = YES;
				CURRENT_PROJECT_VERSION = 1;
				ENABLE_APP_SANDBOX = NO;
				ENABLE_PREVIEWS = YES;
				ENABLE_USER_SELECTED_FILES = readonly;
				GENERATE_INFOPLIST_FILE = YES;
				INFOPLIST_FILE = Info.plist;
				INFOPLIST_KEY_NSHumanReadableCopyright = "";
				LD_RUNPATH_SEARCH_PATHS = (
					"$(inherited)",
					"@executable_path/../Frameworks",
				);
				MARKETING_VERSION = 1.0;
				PRODUCT_BUNDLE_IDENTIFIER = com.xx.midog;
				PRODUCT_NAME = "$(TARGET_NAME)";
				REGISTER_APP_GROUPS = YES;
				STRING_CATALOG_GENERATE_SYMBOLS = YES;
				SWIFT_APPROACHABLE_CONCURRENCY = YES;
				SWIFT_DEFAULT_ACTOR_ISOLATION = MainActor;
				SWIFT_EMIT_LOC_STRINGS = YES;
				SWIFT_UPCOMING_FEATURE_MEMBER_IMPORT_VISIBILITY = YES;
				SWIFT_VERSION = 5.0;
			};
			name = Debug;
		};
		F57EF6E53008B00200113AE8 /* Release */ = {
			isa = XCBuildConfiguration;
			buildSettings = {
				ASSETCATALOG_COMPILER_APPICON_NAME = AppIcon;
				CODE_SIGN_ENTITLEMENTS = midog/midog.entitlements;
				ASSETCATALOG_COMPILER_GLOBAL_ACCENT_COLOR_NAME = AccentColor;
				CODE_SIGN_STYLE = Automatic;
				COMBINE_HIDPI_IMAGES = YES;
				CURRENT_PROJECT_VERSION = 1;
				ENABLE_APP_SANDBOX = NO;
				ENABLE_PREVIEWS = YES;
				ENABLE_USER_SELECTED_FILES = readonly;
				GENERATE_INFOPLIST_FILE = YES;
				INFOPLIST_FILE = Info.plist;
				INFOPLIST_KEY_NSHumanReadableCopyright = "";
				LD_RUNPATH_SEARCH_PATHS = (
					"$(inherited)",
					"@executable_path/../Frameworks",
				);
				MARKETING_VERSION = 1.0;
				PRODUCT_BUNDLE_IDENTIFIER = com.xx.midog;
				PRODUCT_NAME = "$(TARGET_NAME)";
				REGISTER_APP_GROUPS = YES;
				STRING_CATALOG_GENERATE_SYMBOLS = YES;
				SWIFT_APPROACHABLE_CONCURRENCY = YES;
				SWIFT_DEFAULT_ACTOR_ISOLATION = MainActor;
				SWIFT_EMIT_LOC_STRINGS = YES;
				SWIFT_UPCOMING_FEATURE_MEMBER_IMPORT_VISIBILITY = YES;
				SWIFT_VERSION = 5.0;
			};
			name = Release;
		};
		A1000000000000000000002A /* Debug */ = {
			isa = XCBuildConfiguration;
			buildSettings = {
				CODE_SIGN_ENTITLEMENTS = midogFilter/midogFilter-debug.entitlements;
				CODE_SIGN_STYLE = Automatic;
				CURRENT_PROJECT_VERSION = 1;
				GENERATE_INFOPLIST_FILE = YES;
				INFOPLIST_FILE = midogFilter/Info.plist;
				MACOSX_DEPLOYMENT_TARGET = 15.7;
				MARKETING_VERSION = 1.0;
				PRODUCT_BUNDLE_IDENTIFIER = com.xx.midog.filter;
				PRODUCT_MODULE_NAME = midogFilter;
				PRODUCT_NAME = com.xx.midog.filter;
				SDKROOT = macosx;
				SKIP_INSTALL = YES;
				SWIFT_VERSION = 5.0;
		};
			name = Debug;
		};
		A1000000000000000000002B /* Release */ = {
			isa = XCBuildConfiguration;
			buildSettings = {
				CODE_SIGN_ENTITLEMENTS = midogFilter/midogFilter.entitlements;
				CODE_SIGN_STYLE = Automatic;
				CURRENT_PROJECT_VERSION = 1;
				GENERATE_INFOPLIST_FILE = YES;
				INFOPLIST_FILE = midogFilter/Info.plist;
				MACOSX_DEPLOYMENT_TARGET = 15.7;
				MARKETING_VERSION = 1.0;
				PRODUCT_BUNDLE_IDENTIFIER = com.xx.midog.filter;
				PRODUCT_MODULE_NAME = midogFilter;
				PRODUCT_NAME = com.xx.midog.filter;
				SDKROOT = macosx;
				SKIP_INSTALL = YES;
				SWIFT_VERSION = 5.0;
		};
			name = Release;
		};
/* End XCBuildConfiguration section */

/* Begin XCConfigurationList section */
		A10000000000000000000029 /* Build configuration list for PBXNativeTarget "midogFilter" */ = {isa = XCConfigurationList; buildConfigurations = (A1000000000000000000002A /* Debug */, A1000000000000000000002B /* Release */, ); defaultConfigurationIsVisible = 0; defaultConfigurationName = Release; };
		F57EF6D33008AFFF00113AE8 /* Build configuration list for PBXProject "midog" */ = {
			isa = XCConfigurationList;
			buildConfigurations = (
				F57EF6E13008B00200113AE8 /* Debug */,
				F57EF6E23008B00200113AE8 /* Release */,
			);
			defaultConfigurationIsVisible = 0;
			defaultConfigurationName = Release;
		};
		F57EF6E33008B00200113AE8 /* Build configuration list for PBXNativeTarget "midog" */ = {
			isa = XCConfigurationList;
			buildConfigurations = (
				F57EF6E43008B00200113AE8 /* Debug */,
				F57EF6E53008B00200113AE8 /* Release */,
			);
			defaultConfigurationIsVisible = 0;
			defaultConfigurationName = Release;
		};
/* End XCConfigurationList section */
	};
	rootObject = F57EF6D03008AFFF00113AE8 /* Project object */;
}
